# generated by rye
# use `rye lock` or `rye sync` to update this lockfile
#
# last locked with the following flags:
#   pre: false
#   features: []
#   all-features: false
#   with-sources: false
#   generate-hashes: false
#   universal: false

-e file:.
alembic==1.14.1
    # via optuna
colorlog==6.9.0
    # via optuna
contourpy==1.3.1
    # via matplotlib
cycler==0.12.1
    # via matplotlib
fonttools==4.55.8
    # via matplotlib
greenlet==3.1.1
    # via sqlalchemy
jinja2==3.1.6
    # via pyverilog
kiwisolver==1.4.8
    # via matplotlib
mako==1.3.9
    # via alembic
markupsafe==3.0.2
    # via jinja2
    # via mako
matplotlib==3.10.0
    # via yggdrasill
networkx==3.4.2
    # via yggdrasill
numpy==2.2.2
    # via contourpy
    # via matplotlib
    # via optuna
optuna==4.2.0
    # via yggdrasill
packaging==24.2
    # via matplotlib
    # via optuna
pillow==11.1.0
    # via matplotlib
ply==3.11
    # via pyverilog
pyparsing==3.2.1
    # via matplotlib
python-dateutil==2.9.0.post0
    # via matplotlib
pyverilog==1.3.0
    # via yggdrasill
pyyaml==6.0.2
    # via optuna
six==1.17.0
    # via python-dateutil
sqlalchemy==2.0.37
    # via alembic
    # via optuna
tqdm==4.67.1
    # via optuna
    # via yggdrasill
typing-extensions==4.12.2
    # via alembic
    # via sqlalchemy
